
Microsoft Visual Studio Solution File, Format Version 12.00
# Visual Studio Version 17
VisualStudioVersion = 17.5.002.0
MinimumVisualStudioVersion = 10.0.40219.1
Project("{9A19103F-16F7-4668-BE54-9A1E7A4F7556}") = "Task1", "Task1.csproj", "{4325ADC9-B098-471E-9044-2FFDC42A518A}"
EndProject
Global
	GlobalSection(SolutionConfigurationPlatforms) = preSolution
		Debug|Any CPU = Debug|Any CPU
		Release|Any CPU = Release|Any CPU
	EndGlobalSection
	GlobalSection(ProjectConfigurationPlatforms) = postSolution
		{4325ADC9-B098-471E-9044-2FFDC42A518A}.Debug|Any CPU.ActiveCfg = Debug|Any CPU
		{4325ADC9-B098-471E-9044-2FFDC42A518A}.Debug|Any CPU.Build.0 = Debug|Any CPU
		{4325ADC9-B098-471E-9044-2FFDC42A518A}.Release|Any CPU.ActiveCfg = Release|Any CPU
		{4325ADC9-B098-471E-9044-2FFDC42A518A}.Release|Any CPU.Build.0 = Release|Any CPU
	EndGlobalSection
	GlobalSection(SolutionProperties) = preSolution
		HideSolutionNode = FALSE
	EndGlobalSection
	GlobalSection(ExtensibilityGlobals) = postSolution
		SolutionGuid = {F86C3F00-8308-471A-B376-A3CDB4CB0B84}
	EndGlobalSection
EndGlobal
